# This file is autogenerated, do not edit; changes may be undone by the next 'dep ensure'.


[[projects]]
  branch = "go1"
  digest = "1:392fafc4b5c7a34734e60ea4efa2199ab77e6e914db643232cbe9d99aa6d65cd"
  name = "github.com/rwcarlsen/goexif"
  packages = [
    "exif",
    "tiff",
  ]
  pruneopts = "UT"
  revision = "8d986c03457a2057c7b0fb0a48113f7dd48f9619"

[[projects]]
  branch = "master"
  digest = "1:873124a90e9ee79d1570fcb57ebe7a45ce56c122f631fe3804b6c15bd7e399ed"
  name = "go4.org"
  packages = [
    "media/heif",
    "media/heif/bmff",
  ]
  pruneopts = "UT"
  revision = "417644f6feb5ed3a356ca5d6d8e3a3fac7dfd33f"

[solve-meta]
  analyzer-name = "dep"
  analyzer-version = 1
  input-imports = [
    "github.com/rwcarlsen/goexif/exif",
    "go4.org/media/heif",
  ]
  solver-name = "gps-cdcl"
  solver-version = 1
